
Microsoft Visual Studio Solution File, Format Version 12.00
# Visual Studio Version 17
VisualStudioVersion = 17.0.31903.59
MinimumVisualStudioVersion = 10.0.40219.1
Project("{FAE04EC0-301F-11D3-BF4B-00C04F79EFBC}") = "Nimble-It", "Nimble-It.Api\Nimble-It.csproj", "{0CF7386E-1DE6-4A41-86AD-F0DF0A9EDCBD}"
EndProject
Project("{FAE04EC0-301F-11D3-BF4B-00C04F79EFBC}") = "Nimble-It.Api.Contracts", "Nimble-It.Api.Contracts\Nimble-It.Api.Contracts.csproj", "{C3C92AE5-6B79-4663-8DAC-E98DD893D164}"
EndProject
Project("{FAE04EC0-301F-11D3-BF4B-00C04F79EFBC}") = "Nimble-It.Domain.Models", "Nimble-It.Domain.Models\Nimble-It.Domain.Models.csproj", "{E08CDF60-FB51-4C22-AF95-C1639BE7EF52}"
EndProject
Project("{FAE04EC0-301F-11D3-BF4B-00C04F79EFBC}") = "Nimble-It.Domain.Services", "Nimble-It.Domain.Services\Nimble-It.Domain.Services.csproj", "{84539D9C-A9A7-4822-809A-B478607562F9}"
EndProject
Project("{FAE04EC0-301F-11D3-BF4B-00C04F79EFBC}") = "Nimble-It.Persistence.Entities", "Nimble-It.Persistence.Entities\Nimble-It.Persistence.Entities.csproj", "{C5D7ABBC-8FE7-4522-85EB-6D351ADE60E8}"
EndProject
Project("{FAE04EC0-301F-11D3-BF4B-00C04F79EFBC}") = "Nimble-It.UnitTests", "Nimble-It.UnitTests\Nimble-It.UnitTests.csproj", "{5CF9EEA2-9550-4D4E-B3E4-D5FE9570DA6F}"
EndProject
Project("{FAE04EC0-301F-11D3-BF4B-00C04F79EFBC}") = "Nimble-It.Persistence", "Nimble-It.Persistence\Nimble-It.Persistence.csproj", "{E818DAC0-BAF7-4978-B38B-BEB9D2FEC751}"
EndProject
Global
	GlobalSection(SolutionConfigurationPlatforms) = preSolution
		Debug|Any CPU = Debug|Any CPU
		Debug|x64 = Debug|x64
		Debug|x86 = Debug|x86
		Release|Any CPU = Release|Any CPU
		Release|x64 = Release|x64
		Release|x86 = Release|x86
	EndGlobalSection
	GlobalSection(ProjectConfigurationPlatforms) = postSolution
		{0CF7386E-1DE6-4A41-86AD-F0DF0A9EDCBD}.Debug|Any CPU.ActiveCfg = Debug|Any CPU
		{0CF7386E-1DE6-4A41-86AD-F0DF0A9EDCBD}.Debug|Any CPU.Build.0 = Debug|Any CPU
		{0CF7386E-1DE6-4A41-86AD-F0DF0A9EDCBD}.Debug|x64.ActiveCfg = Debug|Any CPU
		{0CF7386E-1DE6-4A41-86AD-F0DF0A9EDCBD}.Debug|x64.Build.0 = Debug|Any CPU
		{0CF7386E-1DE6-4A41-86AD-F0DF0A9EDCBD}.Debug|x86.ActiveCfg = Debug|Any CPU
		{0CF7386E-1DE6-4A41-86AD-F0DF0A9EDCBD}.Debug|x86.Build.0 = Debug|Any CPU
		{0CF7386E-1DE6-4A41-86AD-F0DF0A9EDCBD}.Release|Any CPU.ActiveCfg = Release|Any CPU
		{0CF7386E-1DE6-4A41-86AD-F0DF0A9EDCBD}.Release|Any CPU.Build.0 = Release|Any CPU
		{0CF7386E-1DE6-4A41-86AD-F0DF0A9EDCBD}.Release|x64.ActiveCfg = Release|Any CPU
		{0CF7386E-1DE6-4A41-86AD-F0DF0A9EDCBD}.Release|x64.Build.0 = Release|Any CPU
		{0CF7386E-1DE6-4A41-86AD-F0DF0A9EDCBD}.Release|x86.ActiveCfg = Release|Any CPU
		{0CF7386E-1DE6-4A41-86AD-F0DF0A9EDCBD}.Release|x86.Build.0 = Release|Any CPU
		{C3C92AE5-6B79-4663-8DAC-E98DD893D164}.Debug|Any CPU.ActiveCfg = Debug|Any CPU
		{C3C92AE5-6B79-4663-8DAC-E98DD893D164}.Debug|Any CPU.Build.0 = Debug|Any CPU
		{C3C92AE5-6B79-4663-8DAC-E98DD893D164}.Debug|x64.ActiveCfg = Debug|Any CPU
		{C3C92AE5-6B79-4663-8DAC-E98DD893D164}.Debug|x64.Build.0 = Debug|Any CPU
		{C3C92AE5-6B79-4663-8DAC-E98DD893D164}.Debug|x86.ActiveCfg = Debug|Any CPU
		{C3C92AE5-6B79-4663-8DAC-E98DD893D164}.Debug|x86.Build.0 = Debug|Any CPU
		{C3C92AE5-6B79-4663-8DAC-E98DD893D164}.Release|Any CPU.ActiveCfg = Release|Any CPU
		{C3C92AE5-6B79-4663-8DAC-E98DD893D164}.Release|Any CPU.Build.0 = Release|Any CPU
		{C3C92AE5-6B79-4663-8DAC-E98DD893D164}.Release|x64.ActiveCfg = Release|Any CPU
		{C3C92AE5-6B79-4663-8DAC-E98DD893D164}.Release|x64.Build.0 = Release|Any CPU
		{C3C92AE5-6B79-4663-8DAC-E98DD893D164}.Release|x86.ActiveCfg = Release|Any CPU
		{C3C92AE5-6B79-4663-8DAC-E98DD893D164}.Release|x86.Build.0 = Release|Any CPU
		{E08CDF60-FB51-4C22-AF95-C1639BE7EF52}.Debug|Any CPU.ActiveCfg = Debug|Any CPU
		{E08CDF60-FB51-4C22-AF95-C1639BE7EF52}.Debug|Any CPU.Build.0 = Debug|Any CPU
		{E08CDF60-FB51-4C22-AF95-C1639BE7EF52}.Debug|x64.ActiveCfg = Debug|Any CPU
		{E08CDF60-FB51-4C22-AF95-C1639BE7EF52}.Debug|x64.Build.0 = Debug|Any CPU
		{E08CDF60-FB51-4C22-AF95-C1639BE7EF52}.Debug|x86.ActiveCfg = Debug|Any CPU
		{E08CDF60-FB51-4C22-AF95-C1639BE7EF52}.Debug|x86.Build.0 = Debug|Any CPU
		{E08CDF60-FB51-4C22-AF95-C1639BE7EF52}.Release|Any CPU.ActiveCfg = Release|Any CPU
		{E08CDF60-FB51-4C22-AF95-C1639BE7EF52}.Release|Any CPU.Build.0 = Release|Any CPU
		{E08CDF60-FB51-4C22-AF95-C1639BE7EF52}.Release|x64.ActiveCfg = Release|Any CPU
		{E08CDF60-FB51-4C22-AF95-C1639BE7EF52}.Release|x64.Build.0 = Release|Any CPU
		{E08CDF60-FB51-4C22-AF95-C1639BE7EF52}.Release|x86.ActiveCfg = Release|Any CPU
		{E08CDF60-FB51-4C22-AF95-C1639BE7EF52}.Release|x86.Build.0 = Release|Any CPU
		{84539D9C-A9A7-4822-809A-B478607562F9}.Debug|Any CPU.ActiveCfg = Debug|Any CPU
		{84539D9C-A9A7-4822-809A-B478607562F9}.Debug|Any CPU.Build.0 = Debug|Any CPU
		{84539D9C-A9A7-4822-809A-B478607562F9}.Debug|x64.ActiveCfg = Debug|Any CPU
		{84539D9C-A9A7-4822-809A-B478607562F9}.Debug|x64.Build.0 = Debug|Any CPU
		{84539D9C-A9A7-4822-809A-B478607562F9}.Debug|x86.ActiveCfg = Debug|Any CPU
		{84539D9C-A9A7-4822-809A-B478607562F9}.Debug|x86.Build.0 = Debug|Any CPU
		{84539D9C-A9A7-4822-809A-B478607562F9}.Release|Any CPU.ActiveCfg = Release|Any CPU
		{84539D9C-A9A7-4822-809A-B478607562F9}.Release|Any CPU.Build.0 = Release|Any CPU
		{84539D9C-A9A7-4822-809A-B478607562F9}.Release|x64.ActiveCfg = Release|Any CPU
		{84539D9C-A9A7-4822-809A-B478607562F9}.Release|x64.Build.0 = Release|Any CPU
		{84539D9C-A9A7-4822-809A-B478607562F9}.Release|x86.ActiveCfg = Release|Any CPU
		{84539D9C-A9A7-4822-809A-B478607562F9}.Release|x86.Build.0 = Release|Any CPU
		{C5D7ABBC-8FE7-4522-85EB-6D351ADE60E8}.Debug|Any CPU.ActiveCfg = Debug|Any CPU
		{C5D7ABBC-8FE7-4522-85EB-6D351ADE60E8}.Debug|Any CPU.Build.0 = Debug|Any CPU
		{C5D7ABBC-8FE7-4522-85EB-6D351ADE60E8}.Debug|x64.ActiveCfg = Debug|Any CPU
		{C5D7ABBC-8FE7-4522-85EB-6D351ADE60E8}.Debug|x64.Build.0 = Debug|Any CPU
		{C5D7ABBC-8FE7-4522-85EB-6D351ADE60E8}.Debug|x86.ActiveCfg = Debug|Any CPU
		{C5D7ABBC-8FE7-4522-85EB-6D351ADE60E8}.Debug|x86.Build.0 = Debug|Any CPU
		{C5D7ABBC-8FE7-4522-85EB-6D351ADE60E8}.Release|Any CPU.ActiveCfg = Release|Any CPU
		{C5D7ABBC-8FE7-4522-85EB-6D351ADE60E8}.Release|Any CPU.Build.0 = Release|Any CPU
		{C5D7ABBC-8FE7-4522-85EB-6D351ADE60E8}.Release|x64.ActiveCfg = Release|Any CPU
		{C5D7ABBC-8FE7-4522-85EB-6D351ADE60E8}.Release|x64.Build.0 = Release|Any CPU
		{C5D7ABBC-8FE7-4522-85EB-6D351ADE60E8}.Release|x86.ActiveCfg = Release|Any CPU
		{C5D7ABBC-8FE7-4522-85EB-6D351ADE60E8}.Release|x86.Build.0 = Release|Any CPU
		{5CF9EEA2-9550-4D4E-B3E4-D5FE9570DA6F}.Debug|Any CPU.ActiveCfg = Debug|Any CPU
		{5CF9EEA2-9550-4D4E-B3E4-D5FE9570DA6F}.Debug|Any CPU.Build.0 = Debug|Any CPU
		{5CF9EEA2-9550-4D4E-B3E4-D5FE9570DA6F}.Debug|x64.ActiveCfg = Debug|Any CPU
		{5CF9EEA2-9550-4D4E-B3E4-D5FE9570DA6F}.Debug|x64.Build.0 = Debug|Any CPU
		{5CF9EEA2-9550-4D4E-B3E4-D5FE9570DA6F}.Debug|x86.ActiveCfg = Debug|Any CPU
		{5CF9EEA2-9550-4D4E-B3E4-D5FE9570DA6F}.Debug|x86.Build.0 = Debug|Any CPU
		{5CF9EEA2-9550-4D4E-B3E4-D5FE9570DA6F}.Release|Any CPU.ActiveCfg = Release|Any CPU
		{5CF9EEA2-9550-4D4E-B3E4-D5FE9570DA6F}.Release|Any CPU.Build.0 = Release|Any CPU
		{5CF9EEA2-9550-4D4E-B3E4-D5FE9570DA6F}.Release|x64.ActiveCfg = Release|Any CPU
		{5CF9EEA2-9550-4D4E-B3E4-D5FE9570DA6F}.Release|x64.Build.0 = Release|Any CPU
		{5CF9EEA2-9550-4D4E-B3E4-D5FE9570DA6F}.Release|x86.ActiveCfg = Release|Any CPU
		{5CF9EEA2-9550-4D4E-B3E4-D5FE9570DA6F}.Release|x86.Build.0 = Release|Any CPU
		{E818DAC0-BAF7-4978-B38B-BEB9D2FEC751}.Debug|Any CPU.ActiveCfg = Debug|Any CPU
		{E818DAC0-BAF7-4978-B38B-BEB9D2FEC751}.Debug|Any CPU.Build.0 = Debug|Any CPU
		{E818DAC0-BAF7-4978-B38B-BEB9D2FEC751}.Debug|x64.ActiveCfg = Debug|Any CPU
		{E818DAC0-BAF7-4978-B38B-BEB9D2FEC751}.Debug|x64.Build.0 = Debug|Any CPU
		{E818DAC0-BAF7-4978-B38B-BEB9D2FEC751}.Debug|x86.ActiveCfg = Debug|Any CPU
		{E818DAC0-BAF7-4978-B38B-BEB9D2FEC751}.Debug|x86.Build.0 = Debug|Any CPU
		{E818DAC0-BAF7-4978-B38B-BEB9D2FEC751}.Release|Any CPU.ActiveCfg = Release|Any CPU
		{E818DAC0-BAF7-4978-B38B-BEB9D2FEC751}.Release|Any CPU.Build.0 = Release|Any CPU
		{E818DAC0-BAF7-4978-B38B-BEB9D2FEC751}.Release|x64.ActiveCfg = Release|Any CPU
		{E818DAC0-BAF7-4978-B38B-BEB9D2FEC751}.Release|x64.Build.0 = Release|Any CPU
		{E818DAC0-BAF7-4978-B38B-BEB9D2FEC751}.Release|x86.ActiveCfg = Release|Any CPU
		{E818DAC0-BAF7-4978-B38B-BEB9D2FEC751}.Release|x86.Build.0 = Release|Any CPU
	EndGlobalSection
	GlobalSection(SolutionProperties) = preSolution
		HideSolutionNode = FALSE
	EndGlobalSection
	GlobalSection(ExtensibilityGlobals) = postSolution
		SolutionGuid = {38766059-31D1-4FD9-87D7-40F17C90B023}
	EndGlobalSection
EndGlobal
